// !$*UTF8*$!
{
	archiveVersion = 1;
	classes = {
	};
	objectVersion = 50;
	objects = {

/* Begin PBXBuildFile section */
		5537F031249F775400826AE1 /* DaysOptionsViewController.swift in Sources */ = {isa = PBXBuildFile; fileRef = 5537F030249F775400826AE1 /* DaysOptionsViewController.swift */; };
		55444645249F94BC0026ADA3 /* SpinnerViewController.swift in Sources */ = {isa = PBXBuildFile; fileRef = 55444644249F94BC0026ADA3 /* SpinnerViewController.swift */; };
		55444647249FA6FD0026ADA3 /* ArticlePopViewController.swift in Sources */ = {isa = PBXBuildFile; fileRef = 55444646249FA6FD0026ADA3 /* ArticlePopViewController.swift */; };
		5546C02B249C42DC00246B21 /* TypeOptionsViewController.swift in Sources */ = {isa = PBXBuildFile; fileRef = 5546C02A249C42DC00246B21 /* TypeOptionsViewController.swift */; };
		55B4CD3B24A172DE00D5271F /* Article.swift in Sources */ = {isa = PBXBuildFile; fileRef = 55B4CD3A24A172DE00D5271F /* Article.swift */; };
		55D3A7D72499AB9900D69341 /* AppDelegate.swift in Sources */ = {isa = PBXBuildFile; fileRef = 55D3A7D62499AB9900D69341 /* AppDelegate.swift */; };
		55D3A7D92499AB9900D69341 /* SceneDelegate.swift in Sources */ = {isa = PBXBuildFile; fileRef = 55D3A7D82499AB9900D69341 /* SceneDelegate.swift */; };
		55D3A7DB2499AB9900D69341 /* MainPageViewController.swift in Sources */ = {isa = PBXBuildFile; fileRef = 55D3A7DA2499AB9900D69341 /* MainPageViewController.swift */; };
		55D3A7DE2499AB9900D69341 /* Main.storyboard in Resources */ = {isa = PBXBuildFile; fileRef = 55D3A7DC2499AB9900D69341 /* Main.storyboard */; };
		55D3A7E02499AB9B00D69341 /* Assets.xcassets in Resources */ = {isa = PBXBuildFile; fileRef = 55D3A7DF2499AB9B00D69341 /* Assets.xcassets */; };
		55D3A7E32499AB9B00D69341 /* LaunchScreen.storyboard in Resources */ = {isa = PBXBuildFile; fileRef = 55D3A7E12499AB9B00D69341 /* LaunchScreen.storyboard */; };
		55D3A7ED2499AEC900D69341 /* DataLoader.swift in Sources */ = {isa = PBXBuildFile; fileRef = 55D3A7EC2499AEC900D69341 /* DataLoader.swift */; };
		55D3A7EF2499B42600D69341 /* Shared.swift in Sources */ = {isa = PBXBuildFile; fileRef = 55D3A7EE2499B42600D69341 /* Shared.swift */; };
		55D3A7F12499B7FA00D69341 /* SharedArticles.swift in Sources */ = {isa = PBXBuildFile; fileRef = 55D3A7F02499B7FA00D69341 /* SharedArticles.swift */; };
		55DA3025249A2F9400E0FBE5 /* ArticleTableViewCell.swift in Sources */ = {isa = PBXBuildFile; fileRef = 55DA3024249A2F9400E0FBE5 /* ArticleTableViewCell.swift */; };
		55DA3027249A333600E0FBE5 /* ArticleViewController.swift in Sources */ = {isa = PBXBuildFile; fileRef = 55DA3026249A333600E0FBE5 /* ArticleViewController.swift */; };
		55FF33DB249AFA6D0096B080 /* PublishedDate.swift in Sources */ = {isa = PBXBuildFile; fileRef = 55FF33DA249AFA6D0096B080 /* PublishedDate.swift */; };
		55FF33DE249B00260096B080 /* SharedMediaMetaData.swift in Sources */ = {isa = PBXBuildFile; fileRef = 55FF33DD249B00260096B080 /* SharedMediaMetaData.swift */; };
		55FF33E0249B004C0096B080 /* SharedMedia.swift in Sources */ = {isa = PBXBuildFile; fileRef = 55FF33DF249B004C0096B080 /* SharedMedia.swift */; };
/* End PBXBuildFile section */

/* Begin PBXFileReference section */
		5537F030249F775400826AE1 /* DaysOptionsViewController.swift */ = {isa = PBXFileReference; lastKnownFileType = sourcecode.swift; path = DaysOptionsViewController.swift; sourceTree = "<group>"; };
		55444644249F94BC0026ADA3 /* SpinnerViewController.swift */ = {isa = PBXFileReference; lastKnownFileType = sourcecode.swift; path = SpinnerViewController.swift; sourceTree = "<group>"; };
		55444646249FA6FD0026ADA3 /* ArticlePopViewController.swift */ = {isa = PBXFileReference; lastKnownFileType = sourcecode.swift; path = ArticlePopViewController.swift; sourceTree = "<group>"; };
		5546C02A249C42DC00246B21 /* TypeOptionsViewController.swift */ = {isa = PBXFileReference; lastKnownFileType = sourcecode.swift; path = TypeOptionsViewController.swift; sourceTree = "<group>"; };
		55B4CD3A24A172DE00D5271F /* Article.swift */ = {isa = PBXFileReference; lastKnownFileType = sourcecode.swift; path = Article.swift; sourceTree = "<group>"; };
		55D3A7D32499AB9900D69341 /* NYT-Reader.app */ = {isa = PBXFileReference; explicitFileType = wrapper.application; includeInIndex = 0; path = "NYT-Reader.app"; sourceTree = BUILT_PRODUCTS_DIR; };
		55D3A7D62499AB9900D69341 /* AppDelegate.swift */ = {isa = PBXFileReference; lastKnownFileType = sourcecode.swift; path = AppDelegate.swift; sourceTree = "<group>"; };
		55D3A7D82499AB9900D69341 /* SceneDelegate.swift */ = {isa = PBXFileReference; lastKnownFileType = sourcecode.swift; path = SceneDelegate.swift; sourceTree = "<group>"; };
		55D3A7DA2499AB9900D69341 /* MainPageViewController.swift */ = {isa = PBXFileReference; lastKnownFileType = sourcecode.swift; path = MainPageViewController.swift; sourceTree = "<group>"; };
		55D3A7DD2499AB9900D69341 /* Base */ = {isa = PBXFileReference; lastKnownFileType = file.storyboard; name = Base; path = Base.lproj/Main.storyboard; sourceTree = "<group>"; };
		55D3A7DF2499AB9B00D69341 /* Assets.xcassets */ = {isa = PBXFileReference; lastKnownFileType = folder.assetcatalog; path = Assets.xcassets; sourceTree = "<group>"; };
		55D3A7E22499AB9B00D69341 /* Base */ = {isa = PBXFileReference; lastKnownFileType = file.storyboard; name = Base; path = Base.lproj/LaunchScreen.storyboard; sourceTree = "<group>"; };
		55D3A7E42499AB9B00D69341 /* Info.plist */ = {isa = PBXFileReference; lastKnownFileType = text.plist.xml; path = Info.plist; sourceTree = "<group>"; };
		55D3A7EC2499AEC900D69341 /* DataLoader.swift */ = {isa = PBXFileReference; lastKnownFileType = sourcecode.swift; path = DataLoader.swift; sourceTree = "<group>"; };
		55D3A7EE2499B42600D69341 /* Shared.swift */ = {isa = PBXFileReference; lastKnownFileType = sourcecode.swift; path = Shared.swift; sourceTree = "<group>"; };
		55D3A7F02499B7FA00D69341 /* SharedArticles.swift */ = {isa = PBXFileReference; lastKnownFileType = sourcecode.swift; path = SharedArticles.swift; sourceTree = "<group>"; };
		55DA3024249A2F9400E0FBE5 /* ArticleTableViewCell.swift */ = {isa = PBXFileReference; lastKnownFileType = sourcecode.swift; path = ArticleTableViewCell.swift; sourceTree = "<group>"; };
		55DA3026249A333600E0FBE5 /* ArticleViewController.swift */ = {isa = PBXFileReference; lastKnownFileType = sourcecode.swift; path = ArticleViewController.swift; sourceTree = "<group>"; };
		55FF33DA249AFA6D0096B080 /* PublishedDate.swift */ = {isa = PBXFileReference; lastKnownFileType = sourcecode.swift; path = PublishedDate.swift; sourceTree = "<group>"; };
		55FF33DD249B00260096B080 /* SharedMediaMetaData.swift */ = {isa = PBXFileReference; lastKnownFileType = sourcecode.swift; path = SharedMediaMetaData.swift; sourceTree = "<group>"; };
		55FF33DF249B004C0096B080 /* SharedMedia.swift */ = {isa = PBXFileReference; lastKnownFileType = sourcecode.swift; path = SharedMedia.swift; sourceTree = "<group>"; };
/* End PBXFileReference section */

/* Begin PBXFrameworksBuildPhase section */
		55D3A7D02499AB9900D69341 /* Frameworks */ = {
			isa = PBXFrameworksBuildPhase;
			buildActionMask = 2147483647;
			files = (
			);
			runOnlyForDeploymentPostprocessing = 0;
		};
/* End PBXFrameworksBuildPhase section */

/* Begin PBXGroup section */
		55D3A7CA2499AB9900D69341 = {
			isa = PBXGroup;
			children = (
				55D3A7D52499AB9900D69341 /* NYT-Reader */,
				55D3A7D42499AB9900D69341 /* Products */,
			);
			sourceTree = "<group>";
		};
		55D3A7D42499AB9900D69341 /* Products */ = {
			isa = PBXGroup;
			children = (
				55D3A7D32499AB9900D69341 /* NYT-Reader.app */,
			);
			name = Products;
			sourceTree = "<group>";
		};
		55D3A7D52499AB9900D69341 /* NYT-Reader */ = {
			isa = PBXGroup;
			children = (
				55D3A7D62499AB9900D69341 /* AppDelegate.swift */,
				55D3A7D82499AB9900D69341 /* SceneDelegate.swift */,
				55D3A7EB2499AEA300D69341 /* Model */,
				55D3A7EA2499ABAB00D69341 /* Views */,
				55D3A7DC2499AB9900D69341 /* Main.storyboard */,
				55D3A7DF2499AB9B00D69341 /* Assets.xcassets */,
				55D3A7E12499AB9B00D69341 /* LaunchScreen.storyboard */,
				55D3A7E42499AB9B00D69341 /* Info.plist */,
			);
			path = "NYT-Reader";
			sourceTree = "<group>";
		};
		55D3A7EA2499ABAB00D69341 /* Views */ = {
			isa = PBXGroup;
			children = (
				55D3A7DA2499AB9900D69341 /* MainPageViewController.swift */,
				55DA3024249A2F9400E0FBE5 /* ArticleTableViewCell.swift */,
				55DA3026249A333600E0FBE5 /* ArticleViewController.swift */,
				55444646249FA6FD0026ADA3 /* ArticlePopViewController.swift */,
				5546C02A249C42DC00246B21 /* TypeOptionsViewController.swift */,
				5537F030249F775400826AE1 /* DaysOptionsViewController.swift */,
				55444644249F94BC0026ADA3 /* SpinnerViewController.swift */,
			);
			path = Views;
			sourceTree = "<group>";
		};
		55D3A7EB2499AEA300D69341 /* Model */ = {
			isa = PBXGroup;
			children = (
				55D3A7EC2499AEC900D69341 /* DataLoader.swift */,
				55FF33DC249AFFCF0096B080 /* SharedArticles */,
				55FF33DA249AFA6D0096B080 /* PublishedDate.swift */,
			);
			path = Model;
			sourceTree = "<group>";
		};
		55FF33DC249AFFCF0096B080 /* SharedArticles */ = {
			isa = PBXGroup;
			children = (
				55B4CD3A24A172DE00D5271F /* Article.swift */,
				55D3A7EE2499B42600D69341 /* Shared.swift */,
				55D3A7F02499B7FA00D69341 /* SharedArticles.swift */,
				55FF33DF249B004C0096B080 /* SharedMedia.swift */,
				55FF33DD249B00260096B080 /* SharedMediaMetaData.swift */,
			);
			path = SharedArticles;
			sourceTree = "<group>";
		};
/* End PBXGroup section */

/* Begin PBXNativeTarget section */
		55D3A7D22499AB9900D69341 /* NYT-Reader */ = {
			isa = PBXNativeTarget;
			buildConfigurationList = 55D3A7E72499AB9B00D69341 /* Build configuration list for PBXNativeTarget "NYT-Reader" */;
			buildPhases = (
				55D3A7CF2499AB9900D69341 /* Sources */,
				55D3A7D02499AB9900D69341 /* Frameworks */,
				55D3A7D12499AB9900D69341 /* Resources */,
			);
			buildRules = (
			);
			dependencies = (
			);
			name = "NYT-Reader";
			productName = "NYT-Reader";
			productReference = 55D3A7D32499AB9900D69341 /* NYT-Reader.app */;
			productType = "com.apple.product-type.application";
		};
/* End PBXNativeTarget section */

/* Begin PBXProject section */
		55D3A7CB2499AB9900D69341 /* Project object */ = {
			isa = PBXProject;
			attributes = {
				LastSwiftUpdateCheck = 1150;
				LastUpgradeCheck = 1150;
				ORGANIZATIONNAME = "Jeremy Yarley";
				TargetAttributes = {
					55D3A7D22499AB9900D69341 = {
						CreatedOnToolsVersion = 11.5;
					};
				};
			};
			buildConfigurationList = 55D3A7CE2499AB9900D69341 /* Build configuration list for PBXProject "NYT-Reader" */;
			compatibilityVersion = "Xcode 9.3";
			developmentRegion = en;
			hasScannedForEncodings = 0;
			knownRegions = (
				en,
				Base,
			);
			mainGroup = 55D3A7CA2499AB9900D69341;
			productRefGroup = 55D3A7D42499AB9900D69341 /* Products */;
			projectDirPath = "";
			projectRoot = "";
			targets = (
				55D3A7D22499AB9900D69341 /* NYT-Reader */,
			);
		};
/* End PBXProject section */

/* Begin PBXResourcesBuildPhase section */
		55D3A7D12499AB9900D69341 /* Resources */ = {
			isa = PBXResourcesBuildPhase;
			buildActionMask = 2147483647;
			files = (
				55D3A7E32499AB9B00D69341 /* LaunchScreen.storyboard in Resources */,
				55D3A7E02499AB9B00D69341 /* Assets.xcassets in Resources */,
				55D3A7DE2499AB9900D69341 /* Main.storyboard in Resources */,
			);
			runOnlyForDeploymentPostprocessing = 0;
		};
/* End PBXResourcesBuildPhase section */

/* Begin PBXSourcesBuildPhase section */
		55D3A7CF2499AB9900D69341 /* Sources */ = {
			isa = PBXSourcesBuildPhase;
			buildActionMask = 2147483647;
			files = (
				55D3A7DB2499AB9900D69341 /* MainPageViewController.swift in Sources */,
				55DA3027249A333600E0FBE5 /* ArticleViewController.swift in Sources */,
				55FF33DB249AFA6D0096B080 /* PublishedDate.swift in Sources */,
				55FF33E0249B004C0096B080 /* SharedMedia.swift in Sources */,
				55D3A7D72499AB9900D69341 /* AppDelegate.swift in Sources */,
				55444647249FA6FD0026ADA3 /* ArticlePopViewController.swift in Sources */,
				55FF33DE249B00260096B080 /* SharedMediaMetaData.swift in Sources */,
				55D3A7ED2499AEC900D69341 /* DataLoader.swift in Sources */,
				55D3A7EF2499B42600D69341 /* Shared.swift in Sources */,
				55D3A7D92499AB9900D69341 /* SceneDelegate.swift in Sources */,
				5537F031249F775400826AE1 /* DaysOptionsViewController.swift in Sources */,
				5546C02B249C42DC00246B21 /* TypeOptionsViewController.swift in Sources */,
				55B4CD3B24A172DE00D5271F /* Article.swift in Sources */,
				55DA3025249A2F9400E0FBE5 /* ArticleTableViewCell.swift in Sources */,
				55444645249F94BC0026ADA3 /* SpinnerViewController.swift in Sources */,
				55D3A7F12499B7FA00D69341 /* SharedArticles.swift in Sources */,
			);
			runOnlyForDeploymentPostprocessing = 0;
		};
/* End PBXSourcesBuildPhase section */

/* Begin PBXVariantGroup section */
		55D3A7DC2499AB9900D69341 /* Main.storyboard */ = {
			isa = PBXVariantGroup;
			children = (
				55D3A7DD2499AB9900D69341 /* Base */,
			);
			name = Main.storyboard;
			sourceTree = "<group>";
		};
		55D3A7E12499AB9B00D69341 /* LaunchScreen.storyboard */ = {
			isa = PBXVariantGroup;
			children = (
				55D3A7E22499AB9B00D69341 /* Base */,
			);
			name = LaunchScreen.storyboard;
			sourceTree = "<group>";
		};
/* End PBXVariantGroup section */

/* Begin XCBuildConfiguration section */
		55D3A7E52499AB9B00D69341 /* Debug */ = {
			isa = XCBuildConfiguration;
			buildSettings = {
				ALWAYS_SEARCH_USER_PATHS = NO;
				CLANG_ANALYZER_NONNULL = YES;
				CLANG_ANALYZER_NUMBER_OBJECT_CONVERSION = YES_AGGRESSIVE;
				CLANG_CXX_LANGUAGE_STANDARD = "gnu++14";
				CLANG_CXX_LIBRARY = "libc++";
				CLANG_ENABLE_MODULES = YES;
				CLANG_ENABLE_OBJC_ARC = YES;
				CLANG_ENABLE_OBJC_WEAK = YES;
				CLANG_WARN_BLOCK_CAPTURE_AUTORELEASING = YES;
				CLANG_WARN_BOOL_CONVERSION = YES;
				CLANG_WARN_COMMA = YES;
				CLANG_WARN_CONSTANT_CONVERSION = YES;
				CLANG_WARN_DEPRECATED_OBJC_IMPLEMENTATIONS = YES;
				CLANG_WARN_DIRECT_OBJC_ISA_USAGE = YES_ERROR;
				CLANG_WARN_DOCUMENTATION_COMMENTS = YES;
				CLANG_WARN_EMPTY_BODY = YES;
				CLANG_WARN_ENUM_CONVERSION = YES;
				CLANG_WARN_INFINITE_RECURSION = YES;
				CLANG_WARN_INT_CONVERSION = YES;
				CLANG_WARN_NON_LITERAL_NULL_CONVERSION = YES;
				CLANG_WARN_OBJC_IMPLICIT_RETAIN_SELF = YES;
				CLANG_WARN_OBJC_LITERAL_CONVERSION = YES;
				CLANG_WARN_OBJC_ROOT_CLASS = YES_ERROR;
				CLANG_WARN_RANGE_LOOP_ANALYSIS = YES;
				CLANG_WARN_STRICT_PROTOTYPES = YES;
				CLANG_WARN_SUSPICIOUS_MOVE = YES;
				CLANG_WARN_UNGUARDED_AVAILABILITY = YES_AGGRESSIVE;
				CLANG_WARN_UNREACHABLE_CODE = YES;
				CLANG_WARN__DUPLICATE_METHOD_MATCH = YES;
				COPY_PHASE_STRIP = NO;
				DEBUG_INFORMATION_FORMAT = dwarf;
				ENABLE_STRICT_OBJC_MSGSEND = YES;
				ENABLE_TESTABILITY = YES;
				GCC_C_LANGUAGE_STANDARD = gnu11;
				GCC_DYNAMIC_NO_PIC = NO;
				GCC_NO_COMMON_BLOCKS = YES;
				GCC_OPTIMIZATION_LEVEL = 0;
				GCC_PREPROCESSOR_DEFINITIONS = (
					"DEBUG=1",
					"$(inherited)",
				);
				GCC_WARN_64_TO_32_BIT_CONVERSION = YES;
				GCC_WARN_ABOUT_RETURN_TYPE = YES_ERROR;
				GCC_WARN_UNDECLARED_SELECTOR = YES;
				GCC_WARN_UNINITIALIZED_AUTOS = YES_AGGRESSIVE;
				GCC_WARN_UNUSED_FUNCTION = YES;
				GCC_WARN_UNUSED_VARIABLE = YES;
				IPHONEOS_DEPLOYMENT_TARGET = 13.5;
				MTL_ENABLE_DEBUG_INFO = INCLUDE_SOURCE;
				MTL_FAST_MATH = YES;
				ONLY_ACTIVE_ARCH = YES;
				SDKROOT = iphoneos;
				SWIFT_ACTIVE_COMPILATION_CONDITIONS = DEBUG;
				SWIFT_OPTIMIZATION_LEVEL = "-Onone";
			};
			name = Debug;
		};
		55D3A7E62499AB9B00D69341 /* Release */ = {
			isa = XCBuildConfiguration;
			buildSettings = {
				ALWAYS_SEARCH_USER_PATHS = NO;
				CLANG_ANALYZER_NONNULL = YES;
				CLANG_ANALYZER_NUMBER_OBJECT_CONVERSION = YES_AGGRESSIVE;
				CLANG_CXX_LANGUAGE_STANDARD = "gnu++14";
				CLANG_CXX_LIBRARY = "libc++";
				CLANG_ENABLE_MODULES = YES;
				CLANG_ENABLE_OBJC_ARC = YES;
				CLANG_ENABLE_OBJC_WEAK = YES;
				CLANG_WARN_BLOCK_CAPTURE_AUTORELEASING = YES;
				CLANG_WARN_BOOL_CONVERSION = YES;
				CLANG_WARN_COMMA = YES;
				CLANG_WARN_CONSTANT_CONVERSION = YES;
				CLANG_WARN_DEPRECATED_OBJC_IMPLEMENTATIONS = YES;
				CLANG_WARN_DIRECT_OBJC_ISA_USAGE = YES_ERROR;
				CLANG_WARN_DOCUMENTATION_COMMENTS = YES;
				CLANG_WARN_EMPTY_BODY = YES;
				CLANG_WARN_ENUM_CONVERSION = YES;
				CLANG_WARN_INFINITE_RECURSION = YES;
				CLANG_WARN_INT_CONVERSION = YES;
				CLANG_WARN_NON_LITERAL_NULL_CONVERSION = YES;
				CLANG_WARN_OBJC_IMPLICIT_RETAIN_SELF = YES;
				CLANG_WARN_OBJC_LITERAL_CONVERSION = YES;
				CLANG_WARN_OBJC_ROOT_CLASS = YES_ERROR;
				CLANG_WARN_RANGE_LOOP_ANALYSIS = YES;
				CLANG_WARN_STRICT_PROTOTYPES = YES;
				CLANG_WARN_SUSPICIOUS_MOVE = YES;
				CLANG_WARN_UNGUARDED_AVAILABILITY = YES_AGGRESSIVE;
				CLANG_WARN_UNREACHABLE_CODE = YES;
				CLANG_WARN__DUPLICATE_METHOD_MATCH = YES;
				COPY_PHASE_STRIP = NO;
				DEBUG_INFORMATION_FORMAT = "dwarf-with-dsym";
				ENABLE_NS_ASSERTIONS = NO;
				ENABLE_STRICT_OBJC_MSGSEND = YES;
				GCC_C_LANGUAGE_STANDARD = gnu11;
				GCC_NO_COMMON_BLOCKS = YES;
				GCC_WARN_64_TO_32_BIT_CONVERSION = YES;
				GCC_WARN_ABOUT_RETURN_TYPE = YES_ERROR;
				GCC_WARN_UNDECLARED_SELECTOR = YES;
				GCC_WARN_UNINITIALIZED_AUTOS = YES_AGGRESSIVE;
				GCC_WARN_UNUSED_FUNCTION = YES;
				GCC_WARN_UNUSED_VARIABLE = YES;
				IPHONEOS_DEPLOYMENT_TARGET = 13.5;
				MTL_ENABLE_DEBUG_INFO = NO;
				MTL_FAST_MATH = YES;
				SDKROOT = iphoneos;
				SWIFT_COMPILATION_MODE = wholemodule;
				SWIFT_OPTIMIZATION_LEVEL = "-O";
				VALIDATE_PRODUCT = YES;
			};
			name = Release;
		};
		55D3A7E82499AB9B00D69341 /* Debug */ = {
			isa = XCBuildConfiguration;
			buildSettings = {
				ASSETCATALOG_COMPILER_APPICON_NAME = AppIcon;
				CODE_SIGN_STYLE = Automatic;
				DEVELOPMENT_TEAM = Z5W8BWK25N;
				INFOPLIST_FILE = "NYT-Reader/Info.plist";
				LD_RUNPATH_SEARCH_PATHS = (
					"$(inherited)",
					"@executable_path/Frameworks",
				);
				PRODUCT_BUNDLE_IDENTIFIER = "jyarley.NYT-Reader";
				PRODUCT_NAME = "$(TARGET_NAME)";
				SWIFT_VERSION = 5.0;
				TARGETED_DEVICE_FAMILY = "1,2";
			};
			name = Debug;
		};
		55D3A7E92499AB9B00D69341 /* Release */ = {
			isa = XCBuildConfiguration;
			buildSettings = {
				ASSETCATALOG_COMPILER_APPICON_NAME = AppIcon;
				CODE_SIGN_STYLE = Automatic;
				DEVELOPMENT_TEAM = Z5W8BWK25N;
				INFOPLIST_FILE = "NYT-Reader/Info.plist";
				LD_RUNPATH_SEARCH_PATHS = (
					"$(inherited)",
					"@executable_path/Frameworks",
				);
				PRODUCT_BUNDLE_IDENTIFIER = "jyarley.NYT-Reader";
				PRODUCT_NAME = "$(TARGET_NAME)";
				SWIFT_VERSION = 5.0;
				TARGETED_DEVICE_FAMILY = "1,2";
			};
			name = Release;
		};
/* End XCBuildConfiguration section */

/* Begin XCConfigurationList section */
		55D3A7CE2499AB9900D69341 /* Build configuration list for PBXProject "NYT-Reader" */ = {
			isa = XCConfigurationList;
			buildConfigurations = (
				55D3A7E52499AB9B00D69341 /* Debug */,
				55D3A7E62499AB9B00D69341 /* Release */,
			);
			defaultConfigurationIsVisible = 0;
			defaultConfigurationName = Release;
		};
		55D3A7E72499AB9B00D69341 /* Build configuration list for PBXNativeTarget "NYT-Reader" */ = {
			isa = XCConfigurationList;
			buildConfigurations = (
				55D3A7E82499AB9B00D69341 /* Debug */,
				55D3A7E92499AB9B00D69341 /* Release */,
			);
			defaultConfigurationIsVisible = 0;
			defaultConfigurationName = Release;
		};
/* End XCConfigurationList section */
	};
	rootObject = 55D3A7CB2499AB9900D69341 /* Project object */;
}
